
Microsoft Visual Studio Solution File, Format Version 12.00
# Visual Studio Version 17
VisualStudioVersion = 17.0.31611.283
MinimumVisualStudioVersion = 10.0.40219.1
Project("{9A19103F-16F7-4668-BE54-9A1E7A4F7556}") = "SimpleCalculator.Core", "src\SimpleCalculator.Core\SimpleCalculator.Core.csproj", "{D6DF7A25-CF90-44AE-B63E-621399974883}"
EndProject
Project("{9A19103F-16F7-4668-BE54-9A1E7A4F7556}") = "SimpleCalculator.WPF", "src\SimpleCalculator.WPF\SimpleCalculator.WPF.csproj", "{3E79A9F9-330B-4690-BB4E-DC7969956F1F}"
EndProject
Project("{9A19103F-16F7-4668-BE54-9A1E7A4F7556}") = "SimpleCalculator.CoreTests", "test\SimpleCalculator.CoreTests\SimpleCalculator.CoreTests.csproj", "{1AD4EF2B-595A-4C3B-AF15-14B1278B4EDD}"
EndProject
Global
	GlobalSection(SolutionConfigurationPlatforms) = preSolution
		Debug|Any CPU = Debug|Any CPU
		Release|Any CPU = Release|Any CPU
	EndGlobalSection
	GlobalSection(ProjectConfigurationPlatforms) = postSolution
		{D6DF7A25-CF90-44AE-B63E-621399974883}.Debug|Any CPU.ActiveCfg = Debug|Any CPU
		{D6DF7A25-CF90-44AE-B63E-621399974883}.Debug|Any CPU.Build.0 = Debug|Any CPU
		{D6DF7A25-CF90-44AE-B63E-621399974883}.Release|Any CPU.ActiveCfg = Release|Any CPU
		{D6DF7A25-CF90-44AE-B63E-621399974883}.Release|Any CPU.Build.0 = Release|Any CPU
		{3E79A9F9-330B-4690-BB4E-DC7969956F1F}.Debug|Any CPU.ActiveCfg = Debug|Any CPU
		{3E79A9F9-330B-4690-BB4E-DC7969956F1F}.Debug|Any CPU.Build.0 = Debug|Any CPU
		{3E79A9F9-330B-4690-BB4E-DC7969956F1F}.Release|Any CPU.ActiveCfg = Release|Any CPU
		{3E79A9F9-330B-4690-BB4E-DC7969956F1F}.Release|Any CPU.Build.0 = Release|Any CPU
		{1AD4EF2B-595A-4C3B-AF15-14B1278B4EDD}.Debug|Any CPU.ActiveCfg = Debug|Any CPU
		{1AD4EF2B-595A-4C3B-AF15-14B1278B4EDD}.Debug|Any CPU.Build.0 = Debug|Any CPU
		{1AD4EF2B-595A-4C3B-AF15-14B1278B4EDD}.Release|Any CPU.ActiveCfg = Release|Any CPU
		{1AD4EF2B-595A-4C3B-AF15-14B1278B4EDD}.Release|Any CPU.Build.0 = Release|Any CPU
	EndGlobalSection
	GlobalSection(SolutionProperties) = preSolution
		HideSolutionNode = FALSE
	EndGlobalSection
	GlobalSection(ExtensibilityGlobals) = postSolution
		SolutionGuid = {61F7FB11-1E47-470C-91E2-47F8143E1572}
	EndGlobalSection
EndGlobal
